
Microsoft Visual Studio Solution File, Format Version 12.00
# Visual Studio Version 17
VisualStudioVersion = 17.7.34221.43
MinimumVisualStudioVersion = 10.0.40219.1
Project("{FAE04EC0-301F-11D3-BF4B-00C04F79EFBC}") = "Iulia car2", "Iulia car2\Iulia car2.csproj", "{A2B2A756-65D7-4294-AB38-95033BBEC323}"
EndProject
Global
	GlobalSection(SolutionConfigurationPlatforms) = preSolution
		Debug|Any CPU = Debug|Any CPU
		Release|Any CPU = Release|Any CPU
	EndGlobalSection
	GlobalSection(ProjectConfigurationPlatforms) = postSolution
		{A2B2A756-65D7-4294-AB38-95033BBEC323}.Debug|Any CPU.ActiveCfg = Debug|Any CPU
		{A2B2A756-65D7-4294-AB38-95033BBEC323}.Debug|Any CPU.Build.0 = Debug|Any CPU
		{A2B2A756-65D7-4294-AB38-95033BBEC323}.Release|Any CPU.ActiveCfg = Release|Any CPU
		{A2B2A756-65D7-4294-AB38-95033BBEC323}.Release|Any CPU.Build.0 = Release|Any CPU
	EndGlobalSection
	GlobalSection(SolutionProperties) = preSolution
		HideSolutionNode = FALSE
	EndGlobalSection
	GlobalSection(ExtensibilityGlobals) = postSolution
		SolutionGuid = {0281682B-88EA-473F-9BD7-E1961B8E9C22}
	EndGlobalSection
EndGlobal
